
Microsoft Visual Studio Solution File, Format Version 12.00
# Visual Studio Version 16
VisualStudioVersion = 16.0.28803.352
MinimumVisualStudioVersion = 10.0.40219.1
Project("{888888A0-9F3D-457C-B088-3A5042F75D52}") = "furmula_one_source", "furmula_one_source.pyproj", "{3A21608C-B738-4922-B763-18DAD9F23D19}"
EndProject
Global
	GlobalSection(SolutionConfigurationPlatforms) = preSolution
		Debug|Any CPU = Debug|Any CPU
		Release|Any CPU = Release|Any CPU
	EndGlobalSection
	GlobalSection(ProjectConfigurationPlatforms) = postSolution
		{3A21608C-B738-4922-B763-18DAD9F23D19}.Debug|Any CPU.ActiveCfg = Debug|Any CPU
		{3A21608C-B738-4922-B763-18DAD9F23D19}.Release|Any CPU.ActiveCfg = Release|Any CPU
	EndGlobalSection
	GlobalSection(SolutionProperties) = preSolution
		HideSolutionNode = FALSE
	EndGlobalSection
	GlobalSection(ExtensibilityGlobals) = postSolution
		SolutionGuid = {7FE1CED1-4DF7-4720-91C3-2217BC24ABBF}
	EndGlobalSection
EndGlobal
